PODS:
  - flutter_core_image_filters (0.0.1):
    - FlutterMacOS
  - FlutterMacOS (1.0.0)

DEPENDENCIES:
  - flutter_core_image_filters (from `Flutter/ephemeral/.symlinks/plugins/flutter_core_image_filters/macos`)
  - FlutterMacOS (from `Flutter/ephemeral`)

EXTERNAL SOURCES:
  flutter_core_image_filters:
    :path: Flutter/ephemeral/.symlinks/plugins/flutter_core_image_filters/macos
  FlutterMacOS:
    :path: Flutter/ephemeral

SPEC CHECKSUMS:
  flutter_core_image_filters: 241077d0d62b295312d1e4d600c0cb8b09754798
  FlutterMacOS: ae6af50a8ea7d6103d888583d46bd8328a7e9811

PODFILE CHECKSUM: ff14ad4792a1facae25c6824ae7adb8880d4d036

COCOAPODS: 1.11.3
