PODS:
  - flutter_core_image_filters (0.0.14):
    - FlutterMacOS
  - FlutterMacOS (1.0.0)
  - path_provider_foundation (0.0.1):
    - Flutter
    - FlutterMacOS

DEPENDENCIES:
  - flutter_core_image_filters (from `Flutter/ephemeral/.symlinks/plugins/flutter_core_image_filters/macos`)
  - FlutterMacOS (from `Flutter/ephemeral`)
  - path_provider_foundation (from `Flutter/ephemeral/.symlinks/plugins/path_provider_foundation/darwin`)

EXTERNAL SOURCES:
  flutter_core_image_filters:
    :path: Flutter/ephemeral/.symlinks/plugins/flutter_core_image_filters/macos
  FlutterMacOS:
    :path: Flutter/ephemeral
  path_provider_foundation:
    :path: Flutter/ephemeral/.symlinks/plugins/path_provider_foundation/darwin

SPEC CHECKSUMS:
  flutter_core_image_filters: 3905dae142b33a03923bbdc4f6d39aa8c2201baa
  FlutterMacOS: 8f6f14fa908a6fb3fba0cd85dbd81ec4b251fb24
  path_provider_foundation: 29f094ae23ebbca9d3d0cec13889cd9060c0e943

PODFILE CHECKSUM: 427927760bc5591d005fa87e528d08ac48eda0d4

COCOAPODS: 1.13.0
